# This file is automatically @generated by Cargo.
# It is not intended for manual editing.
version = 4

[[package]]
name = "bitstream-io"
version = "4.10.0"
source = "registry+https://github.com/rust-lang/crates.io-index"
checksum = "7eff00be299a18769011411c9def0d827e8f2d7bf0c3dbf53633147a8867fd1f"
dependencies = [
 "no_std_io2",
]

[[package]]
name = "bytes"
version = "1.12.1"
source = "registry+https://github.com/rust-lang/crates.io-index"
checksum = "fc652a48c352aef3ea3aed32080501cf3ef6ed5da78602a020c991775b0aff04"

[[package]]
name = "four-cc"
version = "0.4.0"
source = "registry+https://github.com/rust-lang/crates.io-index"
checksum = "795cbfc56d419a7ce47ccbb7504dd9a5b7c484c083c356e797de08bd988d9629"

[[package]]
name = "h264-reader"
version = "0.9.0"
source = "registry+https://github.com/rust-lang/crates.io-index"
checksum = "131aec76030da5ef1abb6cc2690e6a003d99ab1a4a75abb1c30974c76d900e79"
dependencies = [
 "bitstream-io",
 "hex-slice",
 "log",
 "memchr",
 "rfc6381-codec",
]

[[package]]
name = "hex-slice"
version = "0.1.4"
source = "registry+https://github.com/rust-lang/crates.io-index"
checksum = "5491a308e0214554f07a81d8944abe45f552871c12e3c3c6e7e5d354039a6c4c"

[[package]]
name = "kvm-proto"
version = "0.0.0"
dependencies = [
 "bytes",
 "h264-reader",
]

[[package]]
name = "log"
version = "0.4.34"
source = "registry+https://github.com/rust-lang/crates.io-index"
checksum = "f9f8bd3e56ce4dfc153cf470fffbfa98c7620958b312ca5c3a4b8d5181fd13c6"

[[package]]
name = "memchr"
version = "2.8.3"
source = "registry+https://github.com/rust-lang/crates.io-index"
checksum = "cf8baf1c55e62ffcace7a9f06f4bd9cd3f0c4beb022d3b367256b91b87513d98"

[[package]]
name = "mp4ra-rust"
version = "0.6.0"
source = "registry+https://github.com/rust-lang/crates.io-index"
checksum = "50e73e22289737589d1575517eefead53c7bbd7e11546437f97b3859694c1a08"
dependencies = [
 "four-cc",
]

[[package]]
name = "mpeg4-audio-const"
version = "0.3.0"
source = "registry+https://github.com/rust-lang/crates.io-index"
checksum = "3720a0d1569be60cd7b0ff00d31c8e1397f6928957a5d9ad0724592f3e78f24c"

[[package]]
name = "no_std_io2"
version = "0.9.4"
source = "registry+https://github.com/rust-lang/crates.io-index"
checksum = "418abd1b6d34fbf6cae440dc874771b0525a604428704c76e48b29a5e67b8003"
dependencies = [
 "memchr",
]

[[package]]
name = "rfc6381-codec"
version = "0.3.0"
source = "registry+https://github.com/rust-lang/crates.io-index"
checksum = "b15c8fb4f251c208093b36c763c5b455303c9297033b1c3e4d7e92c6aba3c579"
dependencies = [
 "mp4ra-rust",
 "mpeg4-audio-const",
]
